{
    "version": 3,
    "terraform_version": "0.10.4",
    "serial": 88,
    "lineage": "c0aded79-cca0-466d-979c-9f1997a0aee8",
    "modules": [
        {
            "path": [
                "root"
            ],
            "outputs": {},
            "resources": {
                "aws_s3_bucket.exchange": {
                    "type": "aws_s3_bucket",
                    "depends_on": [],
                    "primary": {
                        "id": "arturo-exchange",
                        "attributes": {
                            "acceleration_status": "",
                            "acl": "private",
                            "arn": "arn:aws:s3:::arturo-exchange",
                            "bucket": "arturo-exchange",
                            "bucket_domain_name": "arturo-exchange.s3.amazonaws.com",
                            "force_destroy": "false",
                            "hosted_zone_id": "Z21DNDUVLTQW6Q",
                            "id": "arturo-exchange",
                            "logging.#": "0",
                            "region": "eu-central-1",
                            "request_payer": "BucketOwner",
                            "tags.%": "2",
                            "tags.Environment": "Dev",
                            "tags.Name": "Exchange",
                            "versioning.#": "1",
                            "versioning.0.enabled": "false",
                            "versioning.0.mfa_delete": "false",
                            "website.#": "0"
                        },
                        "meta": {},
                        "tainted": false
                    },
                    "deposed": [],
                    "provider": ""
                }
            },
            "depends_on": []
        }
    ]
}
